
Microsoft Visual Studio Solution File, Format Version 12.00
# Visual Studio Version 17
VisualStudioVersion = 17.4.33122.133
MinimumVisualStudioVersion = 10.0.40219.1
Project("{9A19103F-16F7-4668-BE54-9A1E7A4F7556}") = "BulkyBook", "BulkyBook\BulkyBook.csproj", "{33A0D514-1145-4EB0-9336-BFAE1D8D9484}"
EndProject
Project("{FAE04EC0-301F-11D3-BF4B-00C04F79EFBC}") = "BulkyBook.DataAccess", "BulkyBook.DataAccess\BulkyBook.DataAccess.csproj", "{C56E0709-BE39-4486-A78F-0F6AFE04F125}"
EndProject
Project("{FAE04EC0-301F-11D3-BF4B-00C04F79EFBC}") = "BulkyBook.Models", "BulkyBook.Models\BulkyBook.Models.csproj", "{62CE6F7E-5FC6-4EC2-B299-7EE47AC5F76F}"
EndProject
Project("{FAE04EC0-301F-11D3-BF4B-00C04F79EFBC}") = "BulkyBook.Utility", "BulkyBook.Utility\BulkyBook.Utility.csproj", "{5D7160BC-B078-41B7-9253-A0D59792623B}"
EndProject
Global
	GlobalSection(SolutionConfigurationPlatforms) = preSolution
		Debug|Any CPU = Debug|Any CPU
		Release|Any CPU = Release|Any CPU
	EndGlobalSection
	GlobalSection(ProjectConfigurationPlatforms) = postSolution
		{33A0D514-1145-4EB0-9336-BFAE1D8D9484}.Debug|Any CPU.ActiveCfg = Debug|Any CPU
		{33A0D514-1145-4EB0-9336-BFAE1D8D9484}.Debug|Any CPU.Build.0 = Debug|Any CPU
		{33A0D514-1145-4EB0-9336-BFAE1D8D9484}.Release|Any CPU.ActiveCfg = Release|Any CPU
		{33A0D514-1145-4EB0-9336-BFAE1D8D9484}.Release|Any CPU.Build.0 = Release|Any CPU
		{C56E0709-BE39-4486-A78F-0F6AFE04F125}.Debug|Any CPU.ActiveCfg = Debug|Any CPU
		{C56E0709-BE39-4486-A78F-0F6AFE04F125}.Debug|Any CPU.Build.0 = Debug|Any CPU
		{C56E0709-BE39-4486-A78F-0F6AFE04F125}.Release|Any CPU.ActiveCfg = Release|Any CPU
		{C56E0709-BE39-4486-A78F-0F6AFE04F125}.Release|Any CPU.Build.0 = Release|Any CPU
		{62CE6F7E-5FC6-4EC2-B299-7EE47AC5F76F}.Debug|Any CPU.ActiveCfg = Debug|Any CPU
		{62CE6F7E-5FC6-4EC2-B299-7EE47AC5F76F}.Debug|Any CPU.Build.0 = Debug|Any CPU
		{62CE6F7E-5FC6-4EC2-B299-7EE47AC5F76F}.Release|Any CPU.ActiveCfg = Release|Any CPU
		{62CE6F7E-5FC6-4EC2-B299-7EE47AC5F76F}.Release|Any CPU.Build.0 = Release|Any CPU
		{5D7160BC-B078-41B7-9253-A0D59792623B}.Debug|Any CPU.ActiveCfg = Debug|Any CPU
		{5D7160BC-B078-41B7-9253-A0D59792623B}.Debug|Any CPU.Build.0 = Debug|Any CPU
		{5D7160BC-B078-41B7-9253-A0D59792623B}.Release|Any CPU.ActiveCfg = Release|Any CPU
		{5D7160BC-B078-41B7-9253-A0D59792623B}.Release|Any CPU.Build.0 = Release|Any CPU
	EndGlobalSection
	GlobalSection(SolutionProperties) = preSolution
		HideSolutionNode = FALSE
	EndGlobalSection
	GlobalSection(ExtensibilityGlobals) = postSolution
		SolutionGuid = {6DAFC08D-3457-4567-BE46-8EE02D728610}
	EndGlobalSection
EndGlobal
